<?xml version="1.0" encoding="UTF-8"?>
<Scheme
   version = "1.3">
   <BuildAction>
      <BuildActionEntries>
         <BuildActionEntry
            buildForRunning = "YES">
            <BuildableReference
               BuildableIdentifier = "primary"
               BlueprintIdentifier = "FE4FE5F720331A1A002EFA86"
               BuildableName = "VisualAddressBook.app"
               BlueprintName = "VisualAddressBook"
               ReferencedContainer = "container:VisualAddressBook.xcodeproj">
            </BuildableReference>
         </BuildActionEntry>
      </BuildActionEntries>
   </BuildAction>
   <LaunchAction
      useCustomWorkingDirectory = "NO"
      buildConfiguration = "Debug">
      <BuildableProductRunnable>
         <BuildableReference
            BuildableIdentifier = "primary"
            BlueprintIdentifier = "FE4FE5F720331A1A002EFA86"
            BuildableName = "VisualAddressBook.app"
            BlueprintName = "VisualAddressBook"
            ReferencedContainer = "container:VisualAddressBook.xcodeproj">
         </BuildableReference>
      </BuildableProductRunnable>
   </LaunchAction>
</Scheme>
