<?xml version="1.0" encoding="UTF-8"?>
<Scheme
   version = "1.3">
   <BuildAction>
      <BuildActionEntries>
         <BuildActionEntry
            buildForRunning = "YES">
            <BuildableReference
               BuildableIdentifier = "primary"
               BlueprintIdentifier = "A759125743E875A022DC92D9"
               BuildableName = "DigitalFrame.app"
               BlueprintName = "DigitalFrame"
               ReferencedContainer = "container:DigitalFrame.xcodeproj">
            </BuildableReference>
         </BuildActionEntry>
      </BuildActionEntries>
   </BuildAction>
   <LaunchAction
      useCustomWorkingDirectory = "NO"
      buildConfiguration = "Debug">
      <BuildableProductRunnable>
         <BuildableReference
            BuildableIdentifier = "primary"
            BlueprintIdentifier = "A759125743E875A022DC92D9"
            BuildableName = "DigitalFrame.app"
            BlueprintName = "DigitalFrame"
            ReferencedContainer = "container:DigitalFrame.xcodeproj">
         </BuildableReference>
      </BuildableProductRunnable>
   </LaunchAction>
</Scheme>
